// !$*UTF8*$!
{
	archiveVersion = 1;
	classes = {
	};
	objectVersion = 55;
	objects = {

/* Begin PBXBuildFile section */
		182C1F9C2861BDFD00A77B02 /* AppDelegate.m in Sources */ = {isa = PBXBuildFile; fileRef = 182C1F9B2861BDFD00A77B02 /* AppDelegate.m */; };
		182C1F9F2861BDFD00A77B02 /* SceneDelegate.m in Sources */ = {isa = PBXBuildFile; fileRef = 182C1F9E2861BDFD00A77B02 /* SceneDelegate.m */; };
		182C1FA22861BDFD00A77B02 /* ViewController.m in Sources */ = {isa = PBXBuildFile; fileRef = 182C1FA12861BDFD00A77B02 /* ViewController.m */; };
		182C1FA52861BDFD00A77B02 /* Main.storyboard in Resources */ = {isa = PBXBuildFile; fileRef = 182C1FA32861BDFD00A77B02 /* Main.storyboard */; };
		182C1FA72861BE0000A77B02 /* Assets.xcassets in Resources */ = {isa = PBXBuildFile; fileRef = 182C1FA62861BE0000A77B02 /* Assets.xcassets */; };
		182C1FAA2861BE0000A77B02 /* LaunchScreen.storyboard in Resources */ = {isa = PBXBuildFile; fileRef = 182C1FA82861BE0000A77B02 /* LaunchScreen.storyboard */; };
		182C1FAD2861BE0000A77B02 /* main.m in Sources */ = {isa = PBXBuildFile; fileRef = 182C1FAC2861BE0000A77B02 /* main.m */; };
		182C1FEF2861C06C00A77B02 /* SVGClipsImageView.m in Sources */ = {isa = PBXBuildFile; fileRef = 182C1FDC2861C06B00A77B02 /* SVGClipsImageView.m */; };
		182C1FF02861C06C00A77B02 /* SVGLayer.m in Sources */ = {isa = PBXBuildFile; fileRef = 182C1FDE2861C06C00A77B02 /* SVGLayer.m */; };
		182C1FF12861C06C00A77B02 /* SVGImageView.m in Sources */ = {isa = PBXBuildFile; fileRef = 182C1FDF2861C06C00A77B02 /* SVGImageView.m */; };
		182C1FF22861C06C00A77B02 /* SVGColors.plist in Resources */ = {isa = PBXBuildFile; fileRef = 182C1FE82861C06C00A77B02 /* SVGColors.plist */; };
		182C1FF32861C06C00A77B02 /* SVGBezierPath.mm in Sources */ = {isa = PBXBuildFile; fileRef = 182C1FE92861C06C00A77B02 /* SVGBezierPath.mm */; };
		182C1FF42861C06C00A77B02 /* SVGEngine.mm in Sources */ = {isa = PBXBuildFile; fileRef = 182C1FEA2861C06C00A77B02 /* SVGEngine.mm */; };
		182C1FF52861C06C00A77B02 /* rectangle.svg in Resources */ = {isa = PBXBuildFile; fileRef = 182C1FED2861C06C00A77B02 /* rectangle.svg */; };
		182C1FF62861C06C00A77B02 /* 爱心.svg in Resources */ = {isa = PBXBuildFile; fileRef = 182C1FEE2861C06C00A77B02 /* 爱心.svg */; };
/* End PBXBuildFile section */

/* Begin PBXFileReference section */
		182C1F972861BDFD00A77B02 /* SVGClipsImage.app */ = {isa = PBXFileReference; explicitFileType = wrapper.application; includeInIndex = 0; path = SVGClipsImage.app; sourceTree = BUILT_PRODUCTS_DIR; };
		182C1F9A2861BDFD00A77B02 /* AppDelegate.h */ = {isa = PBXFileReference; lastKnownFileType = sourcecode.c.h; path = AppDelegate.h; sourceTree = "<group>"; };
		182C1F9B2861BDFD00A77B02 /* AppDelegate.m */ = {isa = PBXFileReference; lastKnownFileType = sourcecode.c.objc; path = AppDelegate.m; sourceTree = "<group>"; };
		182C1F9D2861BDFD00A77B02 /* SceneDelegate.h */ = {isa = PBXFileReference; lastKnownFileType = sourcecode.c.h; path = SceneDelegate.h; sourceTree = "<group>"; };
		182C1F9E2861BDFD00A77B02 /* SceneDelegate.m */ = {isa = PBXFileReference; lastKnownFileType = sourcecode.c.objc; path = SceneDelegate.m; sourceTree = "<group>"; };
		182C1FA02861BDFD00A77B02 /* ViewController.h */ = {isa = PBXFileReference; lastKnownFileType = sourcecode.c.h; path = ViewController.h; sourceTree = "<group>"; };
		182C1FA12861BDFD00A77B02 /* ViewController.m */ = {isa = PBXFileReference; lastKnownFileType = sourcecode.c.objc; path = ViewController.m; sourceTree = "<group>"; };
		182C1FA42861BDFD00A77B02 /* Base */ = {isa = PBXFileReference; lastKnownFileType = file.storyboard; name = Base; path = Base.lproj/Main.storyboard; sourceTree = "<group>"; };
		182C1FA62861BE0000A77B02 /* Assets.xcassets */ = {isa = PBXFileReference; lastKnownFileType = folder.assetcatalog; path = Assets.xcassets; sourceTree = "<group>"; };
		182C1FA92861BE0000A77B02 /* Base */ = {isa = PBXFileReference; lastKnownFileType = file.storyboard; name = Base; path = Base.lproj/LaunchScreen.storyboard; sourceTree = "<group>"; };
		182C1FAB2861BE0000A77B02 /* Info.plist */ = {isa = PBXFileReference; lastKnownFileType = text.plist.xml; path = Info.plist; sourceTree = "<group>"; };
		182C1FAC2861BE0000A77B02 /* main.m */ = {isa = PBXFileReference; lastKnownFileType = sourcecode.c.objc; path = main.m; sourceTree = "<group>"; };
		182C1FDC2861C06B00A77B02 /* SVGClipsImageView.m */ = {isa = PBXFileReference; fileEncoding = 4; lastKnownFileType = sourcecode.c.objc; path = SVGClipsImageView.m; sourceTree = "<group>"; };
		182C1FDE2861C06C00A77B02 /* SVGLayer.m */ = {isa = PBXFileReference; fileEncoding = 4; lastKnownFileType = sourcecode.c.objc; path = SVGLayer.m; sourceTree = "<group>"; };
		182C1FDF2861C06C00A77B02 /* SVGImageView.m */ = {isa = PBXFileReference; fileEncoding = 4; lastKnownFileType = sourcecode.c.objc; path = SVGImageView.m; sourceTree = "<group>"; };
		182C1FE12861C06C00A77B02 /* PocketSVG.h */ = {isa = PBXFileReference; fileEncoding = 4; lastKnownFileType = sourcecode.c.h; path = PocketSVG.h; sourceTree = "<group>"; };
		182C1FE22861C06C00A77B02 /* SVGPortability.h */ = {isa = PBXFileReference; fileEncoding = 4; lastKnownFileType = sourcecode.c.h; path = SVGPortability.h; sourceTree = "<group>"; };
		182C1FE32861C06C00A77B02 /* SVGLayer.h */ = {isa = PBXFileReference; fileEncoding = 4; lastKnownFileType = sourcecode.c.h; path = SVGLayer.h; sourceTree = "<group>"; };
		182C1FE42861C06C00A77B02 /* SVGBezierPath.h */ = {isa = PBXFileReference; fileEncoding = 4; lastKnownFileType = sourcecode.c.h; path = SVGBezierPath.h; sourceTree = "<group>"; };
		182C1FE52861C06C00A77B02 /* SVGImageView.h */ = {isa = PBXFileReference; fileEncoding = 4; lastKnownFileType = sourcecode.c.h; path = SVGImageView.h; sourceTree = "<group>"; };
		182C1FE62861C06C00A77B02 /* SVGEngine.h */ = {isa = PBXFileReference; fileEncoding = 4; lastKnownFileType = sourcecode.c.h; path = SVGEngine.h; sourceTree = "<group>"; };
		182C1FE82861C06C00A77B02 /* SVGColors.plist */ = {isa = PBXFileReference; fileEncoding = 4; lastKnownFileType = text.plist.xml; path = SVGColors.plist; sourceTree = "<group>"; };
		182C1FE92861C06C00A77B02 /* SVGBezierPath.mm */ = {isa = PBXFileReference; fileEncoding = 4; lastKnownFileType = sourcecode.cpp.objcpp; path = SVGBezierPath.mm; sourceTree = "<group>"; };
		182C1FEA2861C06C00A77B02 /* SVGEngine.mm */ = {isa = PBXFileReference; fileEncoding = 4; lastKnownFileType = sourcecode.cpp.objcpp; path = SVGEngine.mm; sourceTree = "<group>"; };
		182C1FEB2861C06C00A77B02 /* SVGClipsImageView.h */ = {isa = PBXFileReference; fileEncoding = 4; lastKnownFileType = sourcecode.c.h; path = SVGClipsImageView.h; sourceTree = "<group>"; };
		182C1FED2861C06C00A77B02 /* rectangle.svg */ = {isa = PBXFileReference; fileEncoding = 4; lastKnownFileType = text.xml; path = rectangle.svg; sourceTree = "<group>"; };
		182C1FEE2861C06C00A77B02 /* 爱心.svg */ = {isa = PBXFileReference; fileEncoding = 4; lastKnownFileType = text; path = "爱心.svg"; sourceTree = "<group>"; };
/* End PBXFileReference section */

/* Begin PBXFrameworksBuildPhase section */
		182C1F942861BDFD00A77B02 /* Frameworks */ = {
			isa = PBXFrameworksBuildPhase;
			buildActionMask = 2147483647;
			files = (
			);
			runOnlyForDeploymentPostprocessing = 0;
		};
/* End PBXFrameworksBuildPhase section */

/* Begin PBXGroup section */
		182C1F8E2861BDFD00A77B02 = {
			isa = PBXGroup;
			children = (
				182C1F992861BDFD00A77B02 /* SVGClipsImage */,
				182C1F982861BDFD00A77B02 /* Products */,
			);
			sourceTree = "<group>";
		};
		182C1F982861BDFD00A77B02 /* Products */ = {
			isa = PBXGroup;
			children = (
				182C1F972861BDFD00A77B02 /* SVGClipsImage.app */,
			);
			name = Products;
			sourceTree = "<group>";
		};
		182C1F992861BDFD00A77B02 /* SVGClipsImage */ = {
			isa = PBXGroup;
			children = (
				182C1F9A2861BDFD00A77B02 /* AppDelegate.h */,
				182C1F9B2861BDFD00A77B02 /* AppDelegate.m */,
				182C1F9D2861BDFD00A77B02 /* SceneDelegate.h */,
				182C1F9E2861BDFD00A77B02 /* SceneDelegate.m */,
				182C1FA02861BDFD00A77B02 /* ViewController.h */,
				182C1FA12861BDFD00A77B02 /* ViewController.m */,
				182C1FEC2861C06C00A77B02 /* Files */,
				182C1FDD2861C06C00A77B02 /* SVG */,
				182C1FEB2861C06C00A77B02 /* SVGClipsImageView.h */,
				182C1FDC2861C06B00A77B02 /* SVGClipsImageView.m */,
				182C1FA32861BDFD00A77B02 /* Main.storyboard */,
				182C1FA62861BE0000A77B02 /* Assets.xcassets */,
				182C1FA82861BE0000A77B02 /* LaunchScreen.storyboard */,
				182C1FAB2861BE0000A77B02 /* Info.plist */,
				182C1FAC2861BE0000A77B02 /* main.m */,
			);
			path = SVGClipsImage;
			sourceTree = "<group>";
		};
		182C1FDD2861C06C00A77B02 /* SVG */ = {
			isa = PBXGroup;
			children = (
				182C1FDE2861C06C00A77B02 /* SVGLayer.m */,
				182C1FDF2861C06C00A77B02 /* SVGImageView.m */,
				182C1FE02861C06C00A77B02 /* include */,
				182C1FE72861C06C00A77B02 /* Resources */,
				182C1FE92861C06C00A77B02 /* SVGBezierPath.mm */,
				182C1FEA2861C06C00A77B02 /* SVGEngine.mm */,
			);
			path = SVG;
			sourceTree = "<group>";
		};
		182C1FE02861C06C00A77B02 /* include */ = {
			isa = PBXGroup;
			children = (
				182C1FE12861C06C00A77B02 /* PocketSVG.h */,
				182C1FE22861C06C00A77B02 /* SVGPortability.h */,
				182C1FE32861C06C00A77B02 /* SVGLayer.h */,
				182C1FE42861C06C00A77B02 /* SVGBezierPath.h */,
				182C1FE52861C06C00A77B02 /* SVGImageView.h */,
				182C1FE62861C06C00A77B02 /* SVGEngine.h */,
			);
			path = include;
			sourceTree = "<group>";
		};
		182C1FE72861C06C00A77B02 /* Resources */ = {
			isa = PBXGroup;
			children = (
				182C1FE82861C06C00A77B02 /* SVGColors.plist */,
			);
			path = Resources;
			sourceTree = "<group>";
		};
		182C1FEC2861C06C00A77B02 /* Files */ = {
			isa = PBXGroup;
			children = (
				182C1FED2861C06C00A77B02 /* rectangle.svg */,
				182C1FEE2861C06C00A77B02 /* 爱心.svg */,
			);
			path = Files;
			sourceTree = "<group>";
		};
/* End PBXGroup section */

/* Begin PBXNativeTarget section */
		182C1F962861BDFD00A77B02 /* SVGClipsImage */ = {
			isa = PBXNativeTarget;
			buildConfigurationList = 182C1FB02861BE0000A77B02 /* Build configuration list for PBXNativeTarget "SVGClipsImage" */;
			buildPhases = (
				182C1F932861BDFD00A77B02 /* Sources */,
				182C1F942861BDFD00A77B02 /* Frameworks */,
				182C1F952861BDFD00A77B02 /* Resources */,
			);
			buildRules = (
			);
			dependencies = (
			);
			name = SVGClipsImage;
			productName = QLSVGClipsImage;
			productReference = 182C1F972861BDFD00A77B02 /* SVGClipsImage.app */;
			productType = "com.apple.product-type.application";
		};
/* End PBXNativeTarget section */

/* Begin PBXProject section */
		182C1F8F2861BDFD00A77B02 /* Project object */ = {
			isa = PBXProject;
			attributes = {
				BuildIndependentTargetsInParallel = 1;
				LastUpgradeCheck = 1340;
				TargetAttributes = {
					182C1F962861BDFD00A77B02 = {
						CreatedOnToolsVersion = 13.4.1;
					};
				};
			};
			buildConfigurationList = 182C1F922861BDFD00A77B02 /* Build configuration list for PBXProject "SVGClipsImage" */;
			compatibilityVersion = "Xcode 13.0";
			developmentRegion = en;
			hasScannedForEncodings = 0;
			knownRegions = (
				en,
				Base,
			);
			mainGroup = 182C1F8E2861BDFD00A77B02;
			productRefGroup = 182C1F982861BDFD00A77B02 /* Products */;
			projectDirPath = "";
			projectRoot = "";
			targets = (
				182C1F962861BDFD00A77B02 /* SVGClipsImage */,
			);
		};
/* End PBXProject section */

/* Begin PBXResourcesBuildPhase section */
		182C1F952861BDFD00A77B02 /* Resources */ = {
			isa = PBXResourcesBuildPhase;
			buildActionMask = 2147483647;
			files = (
				182C1FF62861C06C00A77B02 /* 爱心.svg in Resources */,
				182C1FF52861C06C00A77B02 /* rectangle.svg in Resources */,
				182C1FAA2861BE0000A77B02 /* LaunchScreen.storyboard in Resources */,
				182C1FA72861BE0000A77B02 /* Assets.xcassets in Resources */,
				182C1FA52861BDFD00A77B02 /* Main.storyboard in Resources */,
				182C1FF22861C06C00A77B02 /* SVGColors.plist in Resources */,
			);
			runOnlyForDeploymentPostprocessing = 0;
		};
/* End PBXResourcesBuildPhase section */

/* Begin PBXSourcesBuildPhase section */
		182C1F932861BDFD00A77B02 /* Sources */ = {
			isa = PBXSourcesBuildPhase;
			buildActionMask = 2147483647;
			files = (
				182C1FA22861BDFD00A77B02 /* ViewController.m in Sources */,
				182C1FEF2861C06C00A77B02 /* SVGClipsImageView.m in Sources */,
				182C1FF42861C06C00A77B02 /* SVGEngine.mm in Sources */,
				182C1FF02861C06C00A77B02 /* SVGLayer.m in Sources */,
				182C1F9C2861BDFD00A77B02 /* AppDelegate.m in Sources */,
				182C1FAD2861BE0000A77B02 /* main.m in Sources */,
				182C1FF12861C06C00A77B02 /* SVGImageView.m in Sources */,
				182C1FF32861C06C00A77B02 /* SVGBezierPath.mm in Sources */,
				182C1F9F2861BDFD00A77B02 /* SceneDelegate.m in Sources */,
			);
			runOnlyForDeploymentPostprocessing = 0;
		};
/* End PBXSourcesBuildPhase section */

/* Begin PBXVariantGroup section */
		182C1FA32861BDFD00A77B02 /* Main.storyboard */ = {
			isa = PBXVariantGroup;
			children = (
				182C1FA42861BDFD00A77B02 /* Base */,
			);
			name = Main.storyboard;
			sourceTree = "<group>";
		};
		182C1FA82861BE0000A77B02 /* LaunchScreen.storyboard */ = {
			isa = PBXVariantGroup;
			children = (
				182C1FA92861BE0000A77B02 /* Base */,
			);
			name = LaunchScreen.storyboard;
			sourceTree = "<group>";
		};
/* End PBXVariantGroup section */

/* Begin XCBuildConfiguration section */
		182C1FAE2861BE0000A77B02 /* Debug */ = {
			isa = XCBuildConfiguration;
			buildSettings = {
				ALWAYS_SEARCH_USER_PATHS = NO;
				CLANG_ANALYZER_NONNULL = YES;
				CLANG_ANALYZER_NUMBER_OBJECT_CONVERSION = YES_AGGRESSIVE;
				CLANG_CXX_LANGUAGE_STANDARD = "gnu++17";
				CLANG_ENABLE_MODULES = YES;
				CLANG_ENABLE_OBJC_ARC = YES;
				CLANG_ENABLE_OBJC_WEAK = YES;
				CLANG_WARN_BLOCK_CAPTURE_AUTORELEASING = YES;
				CLANG_WARN_BOOL_CONVERSION = YES;
				CLANG_WARN_COMMA = YES;
				CLANG_WARN_CONSTANT_CONVERSION = YES;
				CLANG_WARN_DEPRECATED_OBJC_IMPLEMENTATIONS = YES;
				CLANG_WARN_DIRECT_OBJC_ISA_USAGE = YES_ERROR;
				CLANG_WARN_DOCUMENTATION_COMMENTS = YES;
				CLANG_WARN_EMPTY_BODY = YES;
				CLANG_WARN_ENUM_CONVERSION = YES;
				CLANG_WARN_INFINITE_RECURSION = YES;
				CLANG_WARN_INT_CONVERSION = YES;
				CLANG_WARN_NON_LITERAL_NULL_CONVERSION = YES;
				CLANG_WARN_OBJC_IMPLICIT_RETAIN_SELF = YES;
				CLANG_WARN_OBJC_LITERAL_CONVERSION = YES;
				CLANG_WARN_OBJC_ROOT_CLASS = YES_ERROR;
				CLANG_WARN_QUOTED_INCLUDE_IN_FRAMEWORK_HEADER = YES;
				CLANG_WARN_RANGE_LOOP_ANALYSIS = YES;
				CLANG_WARN_STRICT_PROTOTYPES = YES;
				CLANG_WARN_SUSPICIOUS_MOVE = YES;
				CLANG_WARN_UNGUARDED_AVAILABILITY = YES_AGGRESSIVE;
				CLANG_WARN_UNREACHABLE_CODE = YES;
				CLANG_WARN__DUPLICATE_METHOD_MATCH = YES;
				COPY_PHASE_STRIP = NO;
				DEBUG_INFORMATION_FORMAT = dwarf;
				ENABLE_STRICT_OBJC_MSGSEND = YES;
				ENABLE_TESTABILITY = YES;
				GCC_C_LANGUAGE_STANDARD = gnu11;
				GCC_DYNAMIC_NO_PIC = NO;
				GCC_NO_COMMON_BLOCKS = YES;
				GCC_OPTIMIZATION_LEVEL = 0;
				GCC_PREPROCESSOR_DEFINITIONS = (
					"DEBUG=1",
					"$(inherited)",
				);
				GCC_WARN_64_TO_32_BIT_CONVERSION = YES;
				GCC_WARN_ABOUT_RETURN_TYPE = YES_ERROR;
				GCC_WARN_UNDECLARED_SELECTOR = YES;
				GCC_WARN_UNINITIALIZED_AUTOS = YES_AGGRESSIVE;
				GCC_WARN_UNUSED_FUNCTION = YES;
				GCC_WARN_UNUSED_VARIABLE = YES;
				IPHONEOS_DEPLOYMENT_TARGET = 15.5;
				MTL_ENABLE_DEBUG_INFO = INCLUDE_SOURCE;
				MTL_FAST_MATH = YES;
				ONLY_ACTIVE_ARCH = YES;
				SDKROOT = iphoneos;
			};
			name = Debug;
		};
		182C1FAF2861BE0000A77B02 /* Release */ = {
			isa = XCBuildConfiguration;
			buildSettings = {
				ALWAYS_SEARCH_USER_PATHS = NO;
				CLANG_ANALYZER_NONNULL = YES;
				CLANG_ANALYZER_NUMBER_OBJECT_CONVERSION = YES_AGGRESSIVE;
				CLANG_CXX_LANGUAGE_STANDARD = "gnu++17";
				CLANG_ENABLE_MODULES = YES;
				CLANG_ENABLE_OBJC_ARC = YES;
				CLANG_ENABLE_OBJC_WEAK = YES;
				CLANG_WARN_BLOCK_CAPTURE_AUTORELEASING = YES;
				CLANG_WARN_BOOL_CONVERSION = YES;
				CLANG_WARN_COMMA = YES;
				CLANG_WARN_CONSTANT_CONVERSION = YES;
				CLANG_WARN_DEPRECATED_OBJC_IMPLEMENTATIONS = YES;
				CLANG_WARN_DIRECT_OBJC_ISA_USAGE = YES_ERROR;
				CLANG_WARN_DOCUMENTATION_COMMENTS = YES;
				CLANG_WARN_EMPTY_BODY = YES;
				CLANG_WARN_ENUM_CONVERSION = YES;
				CLANG_WARN_INFINITE_RECURSION = YES;
				CLANG_WARN_INT_CONVERSION = YES;
				CLANG_WARN_NON_LITERAL_NULL_CONVERSION = YES;
				CLANG_WARN_OBJC_IMPLICIT_RETAIN_SELF = YES;
				CLANG_WARN_OBJC_LITERAL_CONVERSION = YES;
				CLANG_WARN_OBJC_ROOT_CLASS = YES_ERROR;
				CLANG_WARN_QUOTED_INCLUDE_IN_FRAMEWORK_HEADER = YES;
				CLANG_WARN_RANGE_LOOP_ANALYSIS = YES;
				CLANG_WARN_STRICT_PROTOTYPES = YES;
				CLANG_WARN_SUSPICIOUS_MOVE = YES;
				CLANG_WARN_UNGUARDED_AVAILABILITY = YES_AGGRESSIVE;
				CLANG_WARN_UNREACHABLE_CODE = YES;
				CLANG_WARN__DUPLICATE_METHOD_MATCH = YES;
				COPY_PHASE_STRIP = NO;
				DEBUG_INFORMATION_FORMAT = "dwarf-with-dsym";
				ENABLE_NS_ASSERTIONS = NO;
				ENABLE_STRICT_OBJC_MSGSEND = YES;
				GCC_C_LANGUAGE_STANDARD = gnu11;
				GCC_NO_COMMON_BLOCKS = YES;
				GCC_WARN_64_TO_32_BIT_CONVERSION = YES;
				GCC_WARN_ABOUT_RETURN_TYPE = YES_ERROR;
				GCC_WARN_UNDECLARED_SELECTOR = YES;
				GCC_WARN_UNINITIALIZED_AUTOS = YES_AGGRESSIVE;
				GCC_WARN_UNUSED_FUNCTION = YES;
				GCC_WARN_UNUSED_VARIABLE = YES;
				IPHONEOS_DEPLOYMENT_TARGET = 15.5;
				MTL_ENABLE_DEBUG_INFO = NO;
				MTL_FAST_MATH = YES;
				SDKROOT = iphoneos;
				VALIDATE_PRODUCT = YES;
			};
			name = Release;
		};
		182C1FB12861BE0000A77B02 /* Debug */ = {
			isa = XCBuildConfiguration;
			buildSettings = {
				ASSETCATALOG_COMPILER_APPICON_NAME = AppIcon;
				ASSETCATALOG_COMPILER_GLOBAL_ACCENT_COLOR_NAME = AccentColor;
				CODE_SIGN_STYLE = Automatic;
				CURRENT_PROJECT_VERSION = 1;
				DEVELOPMENT_TEAM = 6E7363BSKG;
				GENERATE_INFOPLIST_FILE = YES;
				INFOPLIST_FILE = SVGClipsImage/Info.plist;
				INFOPLIST_KEY_UIApplicationSupportsIndirectInputEvents = YES;
				INFOPLIST_KEY_UILaunchStoryboardName = LaunchScreen;
				INFOPLIST_KEY_UIMainStoryboardFile = Main;
				INFOPLIST_KEY_UISupportedInterfaceOrientations_iPad = "UIInterfaceOrientationPortrait UIInterfaceOrientationPortraitUpsideDown UIInterfaceOrientationLandscapeLeft UIInterfaceOrientationLandscapeRight";
				INFOPLIST_KEY_UISupportedInterfaceOrientations_iPhone = "UIInterfaceOrientationPortrait UIInterfaceOrientationLandscapeLeft UIInterfaceOrientationLandscapeRight";
				IPHONEOS_DEPLOYMENT_TARGET = 9.0;
				LD_RUNPATH_SEARCH_PATHS = (
					"$(inherited)",
					"@executable_path/Frameworks",
				);
				MARKETING_VERSION = 1.0;
				PRODUCT_BUNDLE_IDENTIFIER = com.lax.test;
				PRODUCT_NAME = "$(TARGET_NAME)";
				SWIFT_EMIT_LOC_STRINGS = YES;
				TARGETED_DEVICE_FAMILY = "1,2";
			};
			name = Debug;
		};
		182C1FB22861BE0000A77B02 /* Release */ = {
			isa = XCBuildConfiguration;
			buildSettings = {
				ASSETCATALOG_COMPILER_APPICON_NAME = AppIcon;
				ASSETCATALOG_COMPILER_GLOBAL_ACCENT_COLOR_NAME = AccentColor;
				CODE_SIGN_STYLE = Automatic;
				CURRENT_PROJECT_VERSION = 1;
				DEVELOPMENT_TEAM = 6E7363BSKG;
				GENERATE_INFOPLIST_FILE = YES;
				INFOPLIST_FILE = SVGClipsImage/Info.plist;
				INFOPLIST_KEY_UIApplicationSupportsIndirectInputEvents = YES;
				INFOPLIST_KEY_UILaunchStoryboardName = LaunchScreen;
				INFOPLIST_KEY_UIMainStoryboardFile = Main;
				INFOPLIST_KEY_UISupportedInterfaceOrientations_iPad = "UIInterfaceOrientationPortrait UIInterfaceOrientationPortraitUpsideDown UIInterfaceOrientationLandscapeLeft UIInterfaceOrientationLandscapeRight";
				INFOPLIST_KEY_UISupportedInterfaceOrientations_iPhone = "UIInterfaceOrientationPortrait UIInterfaceOrientationLandscapeLeft UIInterfaceOrientationLandscapeRight";
				IPHONEOS_DEPLOYMENT_TARGET = 9.0;
				LD_RUNPATH_SEARCH_PATHS = (
					"$(inherited)",
					"@executable_path/Frameworks",
				);
				MARKETING_VERSION = 1.0;
				PRODUCT_BUNDLE_IDENTIFIER = com.lax.test;
				PRODUCT_NAME = "$(TARGET_NAME)";
				SWIFT_EMIT_LOC_STRINGS = YES;
				TARGETED_DEVICE_FAMILY = "1,2";
			};
			name = Release;
		};
/* End XCBuildConfiguration section */

/* Begin XCConfigurationList section */
		182C1F922861BDFD00A77B02 /* Build configuration list for PBXProject "SVGClipsImage" */ = {
			isa = XCConfigurationList;
			buildConfigurations = (
				182C1FAE2861BE0000A77B02 /* Debug */,
				182C1FAF2861BE0000A77B02 /* Release */,
			);
			defaultConfigurationIsVisible = 0;
			defaultConfigurationName = Release;
		};
		182C1FB02861BE0000A77B02 /* Build configuration list for PBXNativeTarget "SVGClipsImage" */ = {
			isa = XCConfigurationList;
			buildConfigurations = (
				182C1FB12861BE0000A77B02 /* Debug */,
				182C1FB22861BE0000A77B02 /* Release */,
			);
			defaultConfigurationIsVisible = 0;
			defaultConfigurationName = Release;
		};
/* End XCConfigurationList section */
	};
	rootObject = 182C1F8F2861BDFD00A77B02 /* Project object */;
}
